{
    "_meta": {
        "hash": {
            "sha256": "64a34190bba7f7fc25def88e395d515a7be3cf3eb95d204f22544648fd5403db"
        },
        "pipfile-spec": 6,
        "requires": {
            "python_version": "3.8"
        },
        "sources": [
            {
                "name": "pypi",
                "url": "https://pypi.org/simple",
                "verify_ssl": true
            }
        ]
    },
    "default": {
        "certifi": {
            "hashes": [
                "sha256:35824b4c3a97115964b408844d64aa14db1cc518f6562e8d7261699d1350a9e3",
                "sha256:4ad3232f5e926d6718ec31cfc1fcadfde020920e278684144551c91769c7bc18"
            ],
            "index": "pypi",
            "version": "==2022.12.7"
        },
        "charset-normalizer": {
            "hashes": [
                "sha256:5a3d016c7c547f69d6f81fb0db9449ce888b418b5b9952cc5e6e66843e9dd845",
                "sha256:83e9a75d1911279afd89352c68b45348559d1fc0506b054b346651b5e7fee29f"
            ],
            "markers": "python_version >= '3.6'",
            "version": "==2.1.1"
        },
        "filelock": {
            "hashes": [
                "sha256:7b319f24340b51f55a2bf7a12ac0755a9b03e718311dac567a0f4f7fabd2f5de",
                "sha256:f58d535af89bb9ad5cd4df046f741f8553a418c01a7856bf0d173bbc9f6bd16d"
            ],
            "markers": "python_version >= '3.7'",
            "version": "==3.9.0"
        },
        "ftfy": {
            "hashes": [
                "sha256:ba71121a9c8d7790d3e833c6c1021143f3e5c4118293ec3afb5d43ed9ca8e72b"
            ],
            "index": "pypi",
            "version": "==6.0.3"
        },
        "idna": {
            "hashes": [
                "sha256:814f528e8dead7d329833b91c5faa87d60bf71824cd12a7530b5526063d02cb4",
                "sha256:90b77e79eaa3eba6de819a0c442c0b4ceefc341a7a2ab77d7562bf49f425c5c2"
            ],
            "markers": "python_version >= '3.5'",
            "version": "==3.4"
        },
        "pycountry": {
            "hashes": [
                "sha256:3c57aa40adcf293d59bebaffbe60d8c39976fba78d846a018dc0c2ec9c6cb3cb"
            ],
            "index": "pypi",
            "version": "==19.8.18"
        },
        "python-stdnum": {
            "hashes": [
                "sha256:374e2b5e13912ccdbf50b0b23fca2c3e0531174805c32d74e145f37756328340",
                "sha256:a46e6cf9652807314d369b654b255c86a59f93d18be2834f3d567ed1a346c547"
            ],
            "index": "pypi",
            "version": "==1.17"
        },
        "requests": {
            "hashes": [
                "sha256:7c5599b102feddaa661c826c56ab4fee28bfd17f5abca1ebbe3e7f19d7c97983",
                "sha256:8fefa2a1a1365bf5520aac41836fbee479da67864514bdb821f31ce07ce65349"
            ],
            "markers": "python_version >= '3.7' and python_version < '4'",
            "version": "==2.28.1"
        },
        "requests-file": {
            "hashes": [
                "sha256:07d74208d3389d01c38ab89ef403af0cfec63957d53a0081d8eca738d0247d8e",
                "sha256:dfe5dae75c12481f68ba353183c53a65e6044c923e64c24b2209f6c7570ca953"
            ],
            "version": "==1.5.1"
        },
        "six": {
            "hashes": [
                "sha256:1e61c37477a1626458e36f7b1d82aa5c9b094fa4802892072e49de9c60c4c926",
                "sha256:8abb2f1d86890a2dfb989f9a77cfcfd3e47c2a354b01111771326f8aa26e0254"
            ],
            "markers": "python_version >= '2.7' and python_version not in '3.0, 3.1, 3.2, 3.3'",
            "version": "==1.16.0"
        },
        "surt": {
            "hashes": [
                "sha256:24167eb6c01f24f757eef9bca6bf0ec089ec05ad5b6213c3b727a5e58c0c4720"
            ],
            "index": "pypi",
            "version": "==0.3.1"
        },
        "tldextract": {
            "hashes": [
                "sha256:d2034c3558651f7d8fdadea83fb681050b2d662dc67a00d950326dc902029444",
                "sha256:f55e05f6bf4cc952a87d13594386d32ad2dd265630a8bdfc3df03bd60425c6b0"
            ],
            "index": "pypi",
            "version": "==3.1.2"
        },
        "toml": {
            "hashes": [
                "sha256:806143ae5bfb6a3c6e736a764057db0e6a0e05e338b5630894a5f779cabb4f9b",
                "sha256:b3bda1d108d5dd99f4a20d24d9c348e91c4db7ab1b749200bded2f839ccbe68f"
            ],
            "index": "pypi",
            "version": "==0.10.2"
        },
        "urlcanon": {
            "hashes": [
                "sha256:30f5bf0e2e4a0feb6dd9ee139a4180a5d493117e8a1448569da3d73c18b92b62"
            ],
            "index": "pypi",
            "version": "==0.3.1"
        },
        "urllib3": {
            "hashes": [
                "sha256:47cc05d99aaa09c9e72ed5809b60e7ba354e64b59c9c173ac3018642d8bb41fc",
                "sha256:c083dd0dce68dbfbe1129d5271cb90f9447dea7d52097c6e0126120c521ddea8"
            ],
            "markers": "python_version >= '2.7' and python_version not in '3.0, 3.1, 3.2, 3.3, 3.4, 3.5'",
            "version": "==1.26.13"
        },
        "wcwidth": {
            "hashes": [
                "sha256:beb4802a9cebb9144e99086eff703a642a13d6a0052920003a230f3294bbe784",
                "sha256:c4d647b99872929fdb7bdcaa4fbe7f01413ed3d98077df798530e5b04f116c83"
            ],
            "version": "==0.2.5"
        }
    },
    "develop": {
        "attrs": {
            "hashes": [
                "sha256:29e95c7f6778868dbd49170f98f8818f78f3dc5e0e37c0b1f474e3561b240836",
                "sha256:c9227bfc2f01993c03f68db37d1d15c9690188323c067c641f1a35ca58185f99"
            ],
            "markers": "python_version >= '3.6'",
            "version": "==22.2.0"
        },
        "black": {
            "hashes": [
                "sha256:07e5c049442d7ca1a2fc273c79d1aecbbf1bc858f62e8184abe1ad175c4f7cc2",
                "sha256:0e21e1f1efa65a50e3960edd068b6ae6d64ad6235bd8bfea116a03b21836af71",
                "sha256:1297c63b9e1b96a3d0da2d85d11cd9bf8664251fd69ddac068b98dc4f34f73b6",
                "sha256:228b5ae2c8e3d6227e4bde5920d2fc66cc3400fde7bcc74f480cb07ef0b570d5",
                "sha256:2d6f331c02f0f40aa51a22e479c8209d37fcd520c77721c034517d44eecf5912",
                "sha256:2ff96450d3ad9ea499fc4c60e425a1439c2120cbbc1ab959ff20f7c76ec7e866",
                "sha256:3524739d76b6b3ed1132422bf9d82123cd1705086723bc3e235ca39fd21c667d",
                "sha256:35944b7100af4a985abfcaa860b06af15590deb1f392f06c8683b4381e8eeaf0",
                "sha256:373922fc66676133ddc3e754e4509196a8c392fec3f5ca4486673e685a421321",
                "sha256:5fa1db02410b1924b6749c245ab38d30621564e658297484952f3d8a39fce7e8",
                "sha256:6f2f01381f91c1efb1451998bd65a129b3ed6f64f79663a55fe0e9b74a5f81fd",
                "sha256:742ce9af3086e5bd07e58c8feb09dbb2b047b7f566eb5f5bc63fd455814979f3",
                "sha256:7835fee5238fc0a0baf6c9268fb816b5f5cd9b8793423a75e8cd663c48d073ba",
                "sha256:8871fcb4b447206904932b54b567923e5be802b9b19b744fdff092bd2f3118d0",
                "sha256:a7c0192d35635f6fc1174be575cb7915e92e5dd629ee79fdaf0dcfa41a80afb5",
                "sha256:b1a5ed73ab4c482208d20434f700d514f66ffe2840f63a6252ecc43a9bc77e8a",
                "sha256:c8226f50b8c34a14608b848dc23a46e5d08397d009446353dad45e04af0c8e28",
                "sha256:ccad888050f5393f0d6029deea2a33e5ae371fd182a697313bdbd835d3edaf9c",
                "sha256:dae63f2dbf82882fa3b2a3c49c32bffe144970a573cd68d247af6560fc493ae1",
                "sha256:e2f69158a7d120fd641d1fa9a921d898e20d52e44a74a6fbbcc570a62a6bc8ab",
                "sha256:efbadd9b52c060a8fc3b9658744091cb33c31f830b3f074422ed27bad2b18e8f",
                "sha256:f5660feab44c2e3cb24b2419b998846cbb01c23c7fe645fee45087efa3da2d61",
                "sha256:fdb8754b453fb15fad3f72cd9cad3e16776f0964d67cf30ebcbf10327a3777a3"
            ],
            "index": "pypi",
            "version": "==22.1.0"
        },
        "click": {
            "hashes": [
                "sha256:7682dc8afb30297001674575ea00d1814d808d6a36af415a82bd481d37ba7b8e",
                "sha256:bb4d8133cb15a609f44e8213d9b391b0809795062913b383c62be0ee95b1db48"
            ],
            "markers": "python_version >= '3.7'",
            "version": "==8.1.3"
        },
        "coverage": {
            "extras": [
                "toml"
            ],
            "hashes": [
                "sha256:037b51ee86bc600f99b3b957c20a172431c35c2ef9c1ca34bc813ab5b51fd9f5",
                "sha256:0bce4ad5bdd0b02e177a085d28d2cea5fc57bb4ba2cead395e763e34cf934eb1",
                "sha256:112cfead1bd22eada8a8db9ed387bd3e8be5528debc42b5d3c1f7da4ffaf9fb5",
                "sha256:13121fa22dcd2c7b19c5161e3fd725692448f05377b788da4502a383573227b3",
                "sha256:18b09811f849cc958d23f733a350a66b54a8de3fed1e6128ba55a5c97ffb6f65",
                "sha256:25fde928306034e8deecd5fc91a07432dcc282c8acb76749581a28963c9f4f3f",
                "sha256:2b865aa679bee7fbd1c55960940dbd3252621dd81468268786c67122bbd15343",
                "sha256:2f7c51b6074a8a3063c341953dffe48fd6674f8e4b1d3c8aa8a91f58d6e716a8",
                "sha256:349d0b545520e8516f7b4f12373afc705d17d901e1de6a37a20e4ec9332b61f7",
                "sha256:44d6a556de4418f1f3bfd57094b8c49f0408df5a433cf0d253eeb3075261c762",
                "sha256:4959dc506be74e4963bd2c42f7b87d8e4b289891201e19ec551e64c6aa5441f8",
                "sha256:49da0ff241827ebb52d5d6d5a36d33b455fa5e721d44689c95df99fd8db82437",
                "sha256:55e46fa4168ccb7497c9be78627fcb147e06f474f846a10d55feeb5108a24ef0",
                "sha256:5722269ed05fbdb94eef431787c66b66260ff3125d1a9afcc00facff8c45adf9",
                "sha256:628f47eaf66727fc986d3b190d6fa32f5e6b7754a243919d28bc0fd7974c449f",
                "sha256:62ef3800c4058844e2e3fa35faa9dd0ccde8a8aba6c763aae50342e00d4479d4",
                "sha256:75e43c6f4ea4d122dac389aabdf9d4f0e160770a75e63372f88005d90f5bcc80",
                "sha256:7e8b0642c38b3d3b3c01417643ccc645345b03c32a2e84ef93cdd6844d6fe530",
                "sha256:88834e5d56d01c141c29deedacba5773fe0bed900b1edc957595a8a6c0da1c3c",
                "sha256:985ad2af5ec3dbb4fd75d5b0735752c527ad183455520055a08cf8d6794cabfc",
                "sha256:a530663a361eb27375cec28aea5cd282089b5e4b022ae451c4c3493b026a68a5",
                "sha256:acef7f3a3825a2d218a03dd02f5f3cc7f27aa31d882dd780191d1ad101120d74",
                "sha256:ae871d09901911eedda1981ea6fd0f62a999107293cdc4c4fd612321c5b34745",
                "sha256:af6cef3796b8068713a48dd67d258dc9a6e2ebc3bd4645bfac03a09672fa5d20",
                "sha256:af87e906355fa42447be5c08c5d44e6e1c005bf142f303f726ddf5ed6e0c8a4d",
                "sha256:b07651e3b9af8f1a092861d88b4c74d913634a7f1f2280fca0ad041ad84e9e96",
                "sha256:b1ffc8f58b81baed3f8962e28c30d99442079b82ce1ec836a1f67c0accad91c1",
                "sha256:b5b38813eee5b4739f505d94247604c72eae626d5088a16dd77b08b8b1724ab3",
                "sha256:b791beb17b32ac019a78cfbe6184f992b6273fdca31145b928ad2099435e2fcb",
                "sha256:b82343a5bc51627b9d606f0b6b6b9551db7b6311a5dd920fa52a94beae2e8959",
                "sha256:ba9af1218fa01b1f11c72271bc7290b701d11ad4dbc2ae97c445ecacf6858dba",
                "sha256:bdbda870e0fda7dd0fe7db7135ca226ec4c1ade8aa76e96614829b56ca491012",
                "sha256:bf76d79dfaea802f0f28f50153ffbc1a74ae1ee73e480baeda410b4f3e7ab25f",
                "sha256:c1cee10662c25c94415bbb987f2ec0e6ba9e8fce786334b10be7e6a7ab958f69",
                "sha256:c5648c7eec5cf1ba5db1cf2d6c10036a582d7f09e172990474a122e30c841361",
                "sha256:c58cd6bb46dcb922e0d5792850aab5964433d511b3a020867650f8d930dde4f4",
                "sha256:c5d9b480ebae60fc2cbc8d6865194136bc690538fa542ba58726433bed6e04cc",
                "sha256:ca15308ef722f120967af7474ba6a453e0f5b6f331251e20b8145497cf1bc14a",
                "sha256:d0df04495b76a885bfef009f45eebe8fe2fbf815ad7a83dabcf5aced62f33162",
                "sha256:d5be4e93acce64f516bf4fd239c0e6118fc913c93fa1a3f52d15bdcc60d97b2d",
                "sha256:d8249666c23683f74f8f93aeaa8794ac87cc61c40ff70374a825f3352a4371dc",
                "sha256:e3f1cd1cd65695b1540b3cf7828d05b3515974a9d7c7530f762ac40f58a18161",
                "sha256:e56fae4292e216b8deeee38ace84557b9fa85b52db005368a275427cdabb8192",
                "sha256:e6dcc70a25cb95df0ae33dfc701de9b09c37f7dd9f00394d684a5b57257f8246",
                "sha256:e89d5abf86c104de808108a25d171ad646c07eda96ca76c8b237b94b9c71e518",
                "sha256:ed7c9debf7bfc63c9b9f8b595409237774ff4b061bf29fba6f53b287a2fdeab9",
                "sha256:ef001a60e888f8741e42e5aa79ae55c91be73761e4df5e806efca1ddd62fd400",
                "sha256:f30090e22a301952c5abd0e493a1c8358b4f0b368b49fa3e4568ed3ed68b8d1f",
                "sha256:f79691335257d60951638dd43576b9bcd6f52baa5c1c2cd07a509bb003238372",
                "sha256:f918e9ef4c98f477a5458238dde2a1643aed956c7213873ab6b6b82e32b8ef61",
                "sha256:fd0a8aa431f9b7ad9eb8264f55ef83cbb254962af3775092fb6e93890dea9ca2"
            ],
            "markers": "python_version >= '3.7'",
            "version": "==7.0.3"
        },
        "flake8": {
            "hashes": [
                "sha256:479b1304f72536a55948cb40a32dce8bb0ffe3501e26eaf292c7e60eb5e0428d",
                "sha256:806e034dda44114815e23c16ef92f95c91e4c71100ff52813adf7132a6ad870d"
            ],
            "index": "pypi",
            "version": "==4.0.1"
        },
        "flake8-annotations": {
            "hashes": [
                "sha256:3edfbbfb58e404868834fe6ec3eaf49c139f64f0701259f707d043185545151e",
                "sha256:52e53c05b0c06cac1c2dec192ea2c36e85081238add3bd99421d56f574b9479b"
            ],
            "index": "pypi",
            "version": "==2.7.0"
        },
        "iniconfig": {
            "hashes": [
                "sha256:011e24c64b7f47f6ebd835bb12a743f2fbe9a26d4cecaa7f53bc4f35ee9da8b3",
                "sha256:bc3af051d7d14b2ee5ef9969666def0cd1a000e121eaea580d4a313df4b37f32"
            ],
            "version": "==1.1.1"
        },
        "mccabe": {
            "hashes": [
                "sha256:ab8a6258860da4b6677da4bd2fe5dc2c659cff31b3ee4f7f5d64e79735b80d42",
                "sha256:dd8d182285a0fe56bace7f45b5e7d1a6ebcbf524e8f3bd87eb0f125271b8831f"
            ],
            "version": "==0.6.1"
        },
        "mypy": {
            "hashes": [
                "sha256:0038b21890867793581e4cb0d810829f5fd4441aa75796b53033af3aa30430ce",
                "sha256:1171f2e0859cfff2d366da2c7092b06130f232c636a3f7301e3feb8b41f6377d",
                "sha256:1b06268df7eb53a8feea99cbfff77a6e2b205e70bf31743e786678ef87ee8069",
                "sha256:1b65714dc296a7991000b6ee59a35b3f550e0073411ac9d3202f6516621ba66c",
                "sha256:1bf752559797c897cdd2c65f7b60c2b6969ffe458417b8d947b8340cc9cec08d",
                "sha256:300717a07ad09525401a508ef5d105e6b56646f7942eb92715a1c8d610149714",
                "sha256:3c5b42d0815e15518b1f0990cff7a705805961613e701db60387e6fb663fe78a",
                "sha256:4365c60266b95a3f216a3047f1d8e3f895da6c7402e9e1ddfab96393122cc58d",
                "sha256:50c7346a46dc76a4ed88f3277d4959de8a2bd0a0fa47fa87a4cde36fe247ac05",
                "sha256:5b56154f8c09427bae082b32275a21f500b24d93c88d69a5e82f3978018a0266",
                "sha256:74f7eccbfd436abe9c352ad9fb65872cc0f1f0a868e9d9c44db0893440f0c697",
                "sha256:7b3f6f557ba4afc7f2ce6d3215d5db279bcf120b3cfd0add20a5d4f4abdae5bc",
                "sha256:8c11003aaeaf7cc2d0f1bc101c1cc9454ec4cc9cb825aef3cafff8a5fdf4c799",
                "sha256:8ca7f8c4b1584d63c9a0f827c37ba7a47226c19a23a753d52e5b5eddb201afcd",
                "sha256:c89702cac5b302f0c5d33b172d2b55b5df2bede3344a2fbed99ff96bddb2cf00",
                "sha256:d8f1ff62f7a879c9fe5917b3f9eb93a79b78aad47b533911b853a757223f72e7",
                "sha256:d9d2b84b2007cea426e327d2483238f040c49405a6bf4074f605f0156c91a47a",
                "sha256:e839191b8da5b4e5d805f940537efcaa13ea5dd98418f06dc585d2891d228cf0",
                "sha256:f9fe20d0872b26c4bba1c1be02c5340de1019530302cf2dcc85c7f9fc3252ae0",
                "sha256:ff3bf387c14c805ab1388185dd22d6b210824e164d4bb324b195ff34e322d166"
            ],
            "index": "pypi",
            "version": "==0.931"
        },
        "mypy-extensions": {
            "hashes": [
                "sha256:090fedd75945a69ae91ce1303b5824f428daf5a028d2f6ab8a299250a846f15d",
                "sha256:2d82818f5bb3e369420cb3c4060a7970edba416647068eb4c5343488a6c604a8"
            ],
            "version": "==0.4.3"
        },
        "packaging": {
            "hashes": [
                "sha256:2198ec20bd4c017b8f9717e00f0c8714076fc2fd93816750ab48e2c41de2cfd3",
                "sha256:957e2148ba0e1a3b282772e791ef1d8083648bc131c8ab0c1feba110ce1146c3"
            ],
            "markers": "python_version >= '3.7'",
            "version": "==22.0"
        },
        "pathspec": {
            "hashes": [
                "sha256:3c95343af8b756205e2aba76e843ba9520a24dd84f68c22b9f93251507509dd6",
                "sha256:56200de4077d9d0791465aa9095a01d421861e405b5096955051deefd697d6f6"
            ],
            "markers": "python_version >= '3.7'",
            "version": "==0.10.3"
        },
        "platformdirs": {
            "hashes": [
                "sha256:83c8f6d04389165de7c9b6f0c682439697887bca0aa2f1c87ef1826be3584490",
                "sha256:e1fea1fe471b9ff8332e229df3cb7de4f53eeea4998d3b6bfff542115e998bd2"
            ],
            "markers": "python_version >= '3.7'",
            "version": "==2.6.2"
        },
        "pluggy": {
            "hashes": [
                "sha256:4224373bacce55f955a878bf9cfa763c1e360858e330072059e10bad68531159",
                "sha256:74134bbf457f031a36d68416e1509f34bd5ccc019f0bcc952c7b909d06b37bd3"
            ],
            "markers": "python_version >= '3.6'",
            "version": "==1.0.0"
        },
        "py": {
            "hashes": [
                "sha256:51c75c4126074b472f746a24399ad32f6053d1b34b68d2fa41e558e6f4a98719",
                "sha256:607c53218732647dff4acdfcd50cb62615cedf612e72d1724fb1a0cc6405b378"
            ],
            "markers": "python_version >= '2.7' and python_version not in '3.0, 3.1, 3.2, 3.3, 3.4'",
            "version": "==1.11.0"
        },
        "pycodestyle": {
            "hashes": [
                "sha256:720f8b39dde8b293825e7ff02c475f3077124006db4f440dcbc9a20b76548a20",
                "sha256:eddd5847ef438ea1c7870ca7eb78a9d47ce0cdb4851a5523949f2601d0cbbe7f"
            ],
            "markers": "python_version >= '2.7' and python_version not in '3.0, 3.1, 3.2, 3.3, 3.4'",
            "version": "==2.8.0"
        },
        "pyflakes": {
            "hashes": [
                "sha256:05a85c2872edf37a4ed30b0cce2f6093e1d0581f8c19d7393122da7e25b2b24c",
                "sha256:3bb3a3f256f4b7968c9c788781e4ff07dce46bdf12339dcda61053375426ee2e"
            ],
            "markers": "python_version >= '2.7' and python_version not in '3.0, 3.1, 3.2, 3.3'",
            "version": "==2.4.0"
        },
        "pytest": {
            "hashes": [
                "sha256:131b36680866a76e6781d13f101efb86cf674ebb9762eb70d3082b6f29889e89",
                "sha256:7310f8d27bc79ced999e760ca304d69f6ba6c6649c0b60fb0e04a4a77cacc134"
            ],
            "index": "pypi",
            "version": "==6.2.5"
        },
        "pytest-cov": {
            "hashes": [
                "sha256:578d5d15ac4a25e5f961c938b85a05b09fdaae9deef3bb6de9a6e766622ca7a6",
                "sha256:e7f0f5b1617d2210a2cabc266dfe2f4c75a8d32fb89eafb7ad9d06f6d076d470"
            ],
            "index": "pypi",
            "version": "==3.0.0"
        },
        "toml": {
            "hashes": [
                "sha256:806143ae5bfb6a3c6e736a764057db0e6a0e05e338b5630894a5f779cabb4f9b",
                "sha256:b3bda1d108d5dd99f4a20d24d9c348e91c4db7ab1b749200bded2f839ccbe68f"
            ],
            "index": "pypi",
            "version": "==0.10.2"
        },
        "tomli": {
            "hashes": [
                "sha256:939de3e7a6161af0c887ef91b7d41a53e7c5a1ca976325f429cb46ea9bc30ecc",
                "sha256:de526c12914f0c550d15924c62d72abc48d6fe7364aa87328337a31007fe8a4f"
            ],
            "markers": "python_version >= '3.7'",
            "version": "==2.0.1"
        },
        "types-requests": {
            "hashes": [
                "sha256:8ec9f5f84adc6f579f53943312c28a84e87dc70201b54f7c4fbc7d22ecfa8a3e",
                "sha256:c2f4e4754d07ca0a88fd8a89bbc6c8a9f90fb441f9c9b572fd5c484f04817486"
            ],
            "index": "pypi",
            "version": "==2.27.8"
        },
        "types-toml": {
            "hashes": [
                "sha256:215a7a79198651ec5bdfd66193c1e71eb681a42f3ef7226c9af3123ced62564a",
                "sha256:988457744d9774d194e3539388772e3a685d8057b7c4a89407afeb0a6cbd1b14"
            ],
            "index": "pypi",
            "version": "==0.10.3"
        },
        "types-urllib3": {
            "hashes": [
                "sha256:ed6b9e8a8be488796f72306889a06a3fc3cb1aa99af02ab8afb50144d7317e49",
                "sha256:eec5556428eec862b1ac578fb69aab3877995a99ffec9e5a12cf7fbd0cc9daee"
            ],
            "version": "==1.26.25.4"
        },
        "typing-extensions": {
            "hashes": [
                "sha256:1511434bb92bf8dd198c12b1cc812e800d4181cfcb867674e0f8279cc93087aa",
                "sha256:16fa4864408f655d35ec496218b85f79b3437c829e93320c7c9215ccfd92489e"
            ],
            "markers": "python_version < '3.10'",
            "version": "==4.4.0"
        }
    }
}
